{
  "originHash" : "992c580d559a5a60ae0f84897b206d4a07663d4cd55d674d1586fc3d71b118f9",
  "pins" : [
    {
      "identity" : "kingfisher",
      "kind" : "remoteSourceControl",
      "location" : "https://github.com/onevcat/Kingfisher.git",
      "state" : {
        "revision" : "1a0c2df04b31ed7aa318354f3583faea24f006fc",
        "version" : "5.15.8"
      }
    },
    {
      "identity" : "kmp-observableviewmodel",
      "kind" : "remoteSourceControl",
      "location" : "https://github.com/rickclephas/KMP-ObservableViewModel.git",
      "state" : {
        "revision" : "6ab62549dae7ce60eb29882db33e9909a949619b",
        "version" : "1.0.0-BETA-2"
      }
    }
  ],
  "version" : 3
}
