{
  "object": {
    "pins": [
      {
        "package": "Kingfisher",
        "repositoryURL": "https://github.com/onevcat/Kingfisher.git",
        "state": {
          "branch": null,
          "revision": "1a0c2df04b31ed7aa318354f3583faea24f006fc",
          "version": "5.15.8"
        }
      }
    ]
  },
  "version": 1
}
